
Microsoft Visual Studio Solution File, Format Version 12.00
# Visual Studio Version 17
VisualStudioVersion = 17.7.34024.191
MinimumVisualStudioVersion = 10.0.40219.1
Project("{9A19103F-16F7-4668-BE54-9A1E7A4F7556}") = "gridjs-demo-.netcore", "Examples_GridJs\gridjs-demo-.netcore.csproj", "{F4492E6A-C7A5-47F4-8C49-AC86AEF11FE3}"
EndProject
Global
	GlobalSection(SolutionConfigurationPlatforms) = preSolution
		Debug|Any CPU = Debug|Any CPU
		Release|Any CPU = Release|Any CPU
	EndGlobalSection
	GlobalSection(ProjectConfigurationPlatforms) = postSolution
		{F4492E6A-C7A5-47F4-8C49-AC86AEF11FE3}.Debug|Any CPU.ActiveCfg = Debug|Any CPU
		{F4492E6A-C7A5-47F4-8C49-AC86AEF11FE3}.Debug|Any CPU.Build.0 = Debug|Any CPU
		{F4492E6A-C7A5-47F4-8C49-AC86AEF11FE3}.Release|Any CPU.ActiveCfg = Release|Any CPU
		{F4492E6A-C7A5-47F4-8C49-AC86AEF11FE3}.Release|Any CPU.Build.0 = Release|Any CPU
	EndGlobalSection
	GlobalSection(SolutionProperties) = preSolution
		HideSolutionNode = FALSE
	EndGlobalSection
	GlobalSection(ExtensibilityGlobals) = postSolution
		SolutionGuid = {10354950-6EA7-472B-92F5-BFFDDFE87A48}
	EndGlobalSection
EndGlobal
